
Microsoft Visual Studio Solution File, Format Version 12.00
# Visual Studio 15
VisualStudioVersion = 15.0.28307.1209
MinimumVisualStudioVersion = 10.0.40219.1
Project("{FAE04EC0-301F-11D3-BF4B-00C04F79EFBC}") = "tasksche", "tasksche\tasksche.csproj", "{AA684F36-5415-42C9-84A1-8F709088DAB9}"
EndProject
Global
	GlobalSection(SolutionConfigurationPlatforms) = preSolution
		Debug|Any CPU = Debug|Any CPU
		Release|Any CPU = Release|Any CPU
	EndGlobalSection
	GlobalSection(ProjectConfigurationPlatforms) = postSolution
		{AA684F36-5415-42C9-84A1-8F709088DAB9}.Debug|Any CPU.ActiveCfg = Debug|Any CPU
		{AA684F36-5415-42C9-84A1-8F709088DAB9}.Debug|Any CPU.Build.0 = Debug|Any CPU
		{AA684F36-5415-42C9-84A1-8F709088DAB9}.Release|Any CPU.ActiveCfg = Release|Any CPU
		{AA684F36-5415-42C9-84A1-8F709088DAB9}.Release|Any CPU.Build.0 = Release|Any CPU
	EndGlobalSection
	GlobalSection(SolutionProperties) = preSolution
		HideSolutionNode = FALSE
	EndGlobalSection
	GlobalSection(ExtensibilityGlobals) = postSolution
		SolutionGuid = {56F94490-705B-42C7-85D6-39779464F3A5}
	EndGlobalSection
EndGlobal
