
Microsoft Visual Studio Solution File, Format Version 12.00
# Visual Studio 15
VisualStudioVersion = 15.0.28307.1209
MinimumVisualStudioVersion = 10.0.40219.1
Project("{FAE04EC0-301F-11D3-BF4B-00C04F79EFBC}") = "taskse", "taskse\taskse.csproj", "{8C0D5E5F-E866-4888-9AEA-57E9F98CBE53}"
EndProject
Global
	GlobalSection(SolutionConfigurationPlatforms) = preSolution
		Debug|Any CPU = Debug|Any CPU
		Release|Any CPU = Release|Any CPU
	EndGlobalSection
	GlobalSection(ProjectConfigurationPlatforms) = postSolution
		{8C0D5E5F-E866-4888-9AEA-57E9F98CBE53}.Debug|Any CPU.ActiveCfg = Debug|Any CPU
		{8C0D5E5F-E866-4888-9AEA-57E9F98CBE53}.Debug|Any CPU.Build.0 = Debug|Any CPU
		{8C0D5E5F-E866-4888-9AEA-57E9F98CBE53}.Release|Any CPU.ActiveCfg = Release|Any CPU
		{8C0D5E5F-E866-4888-9AEA-57E9F98CBE53}.Release|Any CPU.Build.0 = Release|Any CPU
	EndGlobalSection
	GlobalSection(SolutionProperties) = preSolution
		HideSolutionNode = FALSE
	EndGlobalSection
	GlobalSection(ExtensibilityGlobals) = postSolution
		SolutionGuid = {96B95BD6-98B6-44E3-97B6-1AECC4356386}
	EndGlobalSection
EndGlobal
